// !$*UTF8*$!
{
	archiveVersion = 1;
	classes = {
	};
	objectVersion = 55;
	objects = {

/* Begin PBXBuildFile section */
		28B4F19C2732C878009377AB /* Agora_SampleApp.swift in Sources */ = {isa = PBXBuildFile; fileRef = 28B4F19B2732C878009377AB /* Agora_SampleApp.swift */; };
		28B4F19E2732C878009377AB /* ContentView.swift in Sources */ = {isa = PBXBuildFile; fileRef = 28B4F19D2732C878009377AB /* ContentView.swift */; };
		28B4F1A02732C87A009377AB /* Assets.xcassets in Resources */ = {isa = PBXBuildFile; fileRef = 28B4F19F2732C87A009377AB /* Assets.xcassets */; };
		28B4F1A32732C87A009377AB /* Preview Assets.xcassets in Resources */ = {isa = PBXBuildFile; fileRef = 28B4F1A22732C87A009377AB /* Preview Assets.xcassets */; };
		28B4F1AD2732C87A009377AB /* Agora_SampleTests.swift in Sources */ = {isa = PBXBuildFile; fileRef = 28B4F1AC2732C87A009377AB /* Agora_SampleTests.swift */; };
		28B4F1B72732C87A009377AB /* Agora_SampleUITests.swift in Sources */ = {isa = PBXBuildFile; fileRef = 28B4F1B62732C87A009377AB /* Agora_SampleUITests.swift */; };
		28B4F1B92732C87A009377AB /* Agora_SampleUITestsLaunchTests.swift in Sources */ = {isa = PBXBuildFile; fileRef = 28B4F1B82732C87A009377AB /* Agora_SampleUITestsLaunchTests.swift */; };
		28B4F1C72732C976009377AB /* AgoraRtcKit in Frameworks */ = {isa = PBXBuildFile; productRef = 28B4F1C62732C976009377AB /* AgoraRtcKit */; };
/* End PBXBuildFile section */

/* Begin PBXContainerItemProxy section */
		28B4F1A92732C87A009377AB /* PBXContainerItemProxy */ = {
			isa = PBXContainerItemProxy;
			containerPortal = 28B4F1902732C877009377AB /* Project object */;
			proxyType = 1;
			remoteGlobalIDString = 28B4F1972732C878009377AB;
			remoteInfo = "Agora Sample";
		};
		28B4F1B32732C87A009377AB /* PBXContainerItemProxy */ = {
			isa = PBXContainerItemProxy;
			containerPortal = 28B4F1902732C877009377AB /* Project object */;
			proxyType = 1;
			remoteGlobalIDString = 28B4F1972732C878009377AB;
			remoteInfo = "Agora Sample";
		};
/* End PBXContainerItemProxy section */

/* Begin PBXFileReference section */
		28B4F1982732C878009377AB /* Agora Sample.app */ = {isa = PBXFileReference; explicitFileType = wrapper.application; includeInIndex = 0; path = "Agora Sample.app"; sourceTree = BUILT_PRODUCTS_DIR; };
		28B4F19B2732C878009377AB /* Agora_SampleApp.swift */ = {isa = PBXFileReference; lastKnownFileType = sourcecode.swift; path = Agora_SampleApp.swift; sourceTree = "<group>"; };
		28B4F19D2732C878009377AB /* ContentView.swift */ = {isa = PBXFileReference; lastKnownFileType = sourcecode.swift; path = ContentView.swift; sourceTree = "<group>"; };
		28B4F19F2732C87A009377AB /* Assets.xcassets */ = {isa = PBXFileReference; lastKnownFileType = folder.assetcatalog; path = Assets.xcassets; sourceTree = "<group>"; };
		28B4F1A22732C87A009377AB /* Preview Assets.xcassets */ = {isa = PBXFileReference; lastKnownFileType = folder.assetcatalog; path = "Preview Assets.xcassets"; sourceTree = "<group>"; };
		28B4F1A82732C87A009377AB /* Agora SampleTests.xctest */ = {isa = PBXFileReference; explicitFileType = wrapper.cfbundle; includeInIndex = 0; path = "Agora SampleTests.xctest"; sourceTree = BUILT_PRODUCTS_DIR; };
		28B4F1AC2732C87A009377AB /* Agora_SampleTests.swift */ = {isa = PBXFileReference; lastKnownFileType = sourcecode.swift; path = Agora_SampleTests.swift; sourceTree = "<group>"; };
		28B4F1B22732C87A009377AB /* Agora SampleUITests.xctest */ = {isa = PBXFileReference; explicitFileType = wrapper.cfbundle; includeInIndex = 0; path = "Agora SampleUITests.xctest"; sourceTree = BUILT_PRODUCTS_DIR; };
		28B4F1B62732C87A009377AB /* Agora_SampleUITests.swift */ = {isa = PBXFileReference; lastKnownFileType = sourcecode.swift; path = Agora_SampleUITests.swift; sourceTree = "<group>"; };
		28B4F1B82732C87A009377AB /* Agora_SampleUITestsLaunchTests.swift */ = {isa = PBXFileReference; lastKnownFileType = sourcecode.swift; path = Agora_SampleUITestsLaunchTests.swift; sourceTree = "<group>"; };
/* End PBXFileReference section */

/* Begin PBXFrameworksBuildPhase section */
		28B4F1952732C878009377AB /* Frameworks */ = {
			isa = PBXFrameworksBuildPhase;
			buildActionMask = 2147483647;
			files = (
				28B4F1C72732C976009377AB /* AgoraRtcKit in Frameworks */,
			);
			runOnlyForDeploymentPostprocessing = 0;
		};
		28B4F1A52732C87A009377AB /* Frameworks */ = {
			isa = PBXFrameworksBuildPhase;
			buildActionMask = 2147483647;
			files = (
			);
			runOnlyForDeploymentPostprocessing = 0;
		};
		28B4F1AF2732C87A009377AB /* Frameworks */ = {
			isa = PBXFrameworksBuildPhase;
			buildActionMask = 2147483647;
			files = (
			);
			runOnlyForDeploymentPostprocessing = 0;
		};
/* End PBXFrameworksBuildPhase section */

/* Begin PBXGroup section */
		28B4F18F2732C877009377AB = {
			isa = PBXGroup;
			children = (
				28B4F19A2732C878009377AB /* Agora Sample */,
				28B4F1AB2732C87A009377AB /* Agora SampleTests */,
				28B4F1B52732C87A009377AB /* Agora SampleUITests */,
				28B4F1992732C878009377AB /* Products */,
			);
			sourceTree = "<group>";
		};
		28B4F1992732C878009377AB /* Products */ = {
			isa = PBXGroup;
			children = (
				28B4F1982732C878009377AB /* Agora Sample.app */,
				28B4F1A82732C87A009377AB /* Agora SampleTests.xctest */,
				28B4F1B22732C87A009377AB /* Agora SampleUITests.xctest */,
			);
			name = Products;
			sourceTree = "<group>";
		};
		28B4F19A2732C878009377AB /* Agora Sample */ = {
			isa = PBXGroup;
			children = (
				28B4F19B2732C878009377AB /* Agora_SampleApp.swift */,
				28B4F19D2732C878009377AB /* ContentView.swift */,
				28B4F19F2732C87A009377AB /* Assets.xcassets */,
				28B4F1A12732C87A009377AB /* Preview Content */,
			);
			path = "Agora Sample";
			sourceTree = "<group>";
		};
		28B4F1A12732C87A009377AB /* Preview Content */ = {
			isa = PBXGroup;
			children = (
				28B4F1A22732C87A009377AB /* Preview Assets.xcassets */,
			);
			path = "Preview Content";
			sourceTree = "<group>";
		};
		28B4F1AB2732C87A009377AB /* Agora SampleTests */ = {
			isa = PBXGroup;
			children = (
				28B4F1AC2732C87A009377AB /* Agora_SampleTests.swift */,
			);
			path = "Agora SampleTests";
			sourceTree = "<group>";
		};
		28B4F1B52732C87A009377AB /* Agora SampleUITests */ = {
			isa = PBXGroup;
			children = (
				28B4F1B62732C87A009377AB /* Agora_SampleUITests.swift */,
				28B4F1B82732C87A009377AB /* Agora_SampleUITestsLaunchTests.swift */,
			);
			path = "Agora SampleUITests";
			sourceTree = "<group>";
		};
/* End PBXGroup section */

/* Begin PBXNativeTarget section */
		28B4F1972732C878009377AB /* Agora Sample */ = {
			isa = PBXNativeTarget;
			buildConfigurationList = 28B4F1BC2732C87A009377AB /* Build configuration list for PBXNativeTarget "Agora Sample" */;
			buildPhases = (
				28B4F1942732C878009377AB /* Sources */,
				28B4F1952732C878009377AB /* Frameworks */,
				28B4F1962732C878009377AB /* Resources */,
			);
			buildRules = (
			);
			dependencies = (
			);
			name = "Agora Sample";
			packageProductDependencies = (
				28B4F1C62732C976009377AB /* AgoraRtcKit */,
			);
			productName = "Agora Sample";
			productReference = 28B4F1982732C878009377AB /* Agora Sample.app */;
			productType = "com.apple.product-type.application";
		};
		28B4F1A72732C87A009377AB /* Agora SampleTests */ = {
			isa = PBXNativeTarget;
			buildConfigurationList = 28B4F1BF2732C87A009377AB /* Build configuration list for PBXNativeTarget "Agora SampleTests" */;
			buildPhases = (
				28B4F1A42732C87A009377AB /* Sources */,
				28B4F1A52732C87A009377AB /* Frameworks */,
				28B4F1A62732C87A009377AB /* Resources */,
			);
			buildRules = (
			);
			dependencies = (
				28B4F1AA2732C87A009377AB /* PBXTargetDependency */,
			);
			name = "Agora SampleTests";
			productName = "Agora SampleTests";
			productReference = 28B4F1A82732C87A009377AB /* Agora SampleTests.xctest */;
			productType = "com.apple.product-type.bundle.unit-test";
		};
		28B4F1B12732C87A009377AB /* Agora SampleUITests */ = {
			isa = PBXNativeTarget;
			buildConfigurationList = 28B4F1C22732C87A009377AB /* Build configuration list for PBXNativeTarget "Agora SampleUITests" */;
			buildPhases = (
				28B4F1AE2732C87A009377AB /* Sources */,
				28B4F1AF2732C87A009377AB /* Frameworks */,
				28B4F1B02732C87A009377AB /* Resources */,
			);
			buildRules = (
			);
			dependencies = (
				28B4F1B42732C87A009377AB /* PBXTargetDependency */,
			);
			name = "Agora SampleUITests";
			productName = "Agora SampleUITests";
			productReference = 28B4F1B22732C87A009377AB /* Agora SampleUITests.xctest */;
			productType = "com.apple.product-type.bundle.ui-testing";
		};
/* End PBXNativeTarget section */

/* Begin PBXProject section */
		28B4F1902732C877009377AB /* Project object */ = {
			isa = PBXProject;
			attributes = {
				BuildIndependentTargetsInParallel = 1;
				LastSwiftUpdateCheck = 1310;
				LastUpgradeCheck = 1310;
				TargetAttributes = {
					28B4F1972732C878009377AB = {
						CreatedOnToolsVersion = 13.1;
					};
					28B4F1A72732C87A009377AB = {
						CreatedOnToolsVersion = 13.1;
						TestTargetID = 28B4F1972732C878009377AB;
					};
					28B4F1B12732C87A009377AB = {
						CreatedOnToolsVersion = 13.1;
						TestTargetID = 28B4F1972732C878009377AB;
					};
				};
			};
			buildConfigurationList = 28B4F1932732C877009377AB /* Build configuration list for PBXProject "Agora Sample" */;
			compatibilityVersion = "Xcode 13.0";
			developmentRegion = en;
			hasScannedForEncodings = 0;
			knownRegions = (
				en,
				Base,
			);
			mainGroup = 28B4F18F2732C877009377AB;
			packageReferences = (
				28B4F1C52732C976009377AB /* XCRemoteSwiftPackageReference "AgoraRtcEngine_iOS" */,
			);
			productRefGroup = 28B4F1992732C878009377AB /* Products */;
			projectDirPath = "";
			projectRoot = "";
			targets = (
				28B4F1972732C878009377AB /* Agora Sample */,
				28B4F1A72732C87A009377AB /* Agora SampleTests */,
				28B4F1B12732C87A009377AB /* Agora SampleUITests */,
			);
		};
/* End PBXProject section */

/* Begin PBXResourcesBuildPhase section */
		28B4F1962732C878009377AB /* Resources */ = {
			isa = PBXResourcesBuildPhase;
			buildActionMask = 2147483647;
			files = (
				28B4F1A32732C87A009377AB /* Preview Assets.xcassets in Resources */,
				28B4F1A02732C87A009377AB /* Assets.xcassets in Resources */,
			);
			runOnlyForDeploymentPostprocessing = 0;
		};
		28B4F1A62732C87A009377AB /* Resources */ = {
			isa = PBXResourcesBuildPhase;
			buildActionMask = 2147483647;
			files = (
			);
			runOnlyForDeploymentPostprocessing = 0;
		};
		28B4F1B02732C87A009377AB /* Resources */ = {
			isa = PBXResourcesBuildPhase;
			buildActionMask = 2147483647;
			files = (
			);
			runOnlyForDeploymentPostprocessing = 0;
		};
/* End PBXResourcesBuildPhase section */

/* Begin PBXSourcesBuildPhase section */
		28B4F1942732C878009377AB /* Sources */ = {
			isa = PBXSourcesBuildPhase;
			buildActionMask = 2147483647;
			files = (
				28B4F19E2732C878009377AB /* ContentView.swift in Sources */,
				28B4F19C2732C878009377AB /* Agora_SampleApp.swift in Sources */,
			);
			runOnlyForDeploymentPostprocessing = 0;
		};
		28B4F1A42732C87A009377AB /* Sources */ = {
			isa = PBXSourcesBuildPhase;
			buildActionMask = 2147483647;
			files = (
				28B4F1AD2732C87A009377AB /* Agora_SampleTests.swift in Sources */,
			);
			runOnlyForDeploymentPostprocessing = 0;
		};
		28B4F1AE2732C87A009377AB /* Sources */ = {
			isa = PBXSourcesBuildPhase;
			buildActionMask = 2147483647;
			files = (
				28B4F1B72732C87A009377AB /* Agora_SampleUITests.swift in Sources */,
				28B4F1B92732C87A009377AB /* Agora_SampleUITestsLaunchTests.swift in Sources */,
			);
			runOnlyForDeploymentPostprocessing = 0;
		};
/* End PBXSourcesBuildPhase section */

/* Begin PBXTargetDependency section */
		28B4F1AA2732C87A009377AB /* PBXTargetDependency */ = {
			isa = PBXTargetDependency;
			target = 28B4F1972732C878009377AB /* Agora Sample */;
			targetProxy = 28B4F1A92732C87A009377AB /* PBXContainerItemProxy */;
		};
		28B4F1B42732C87A009377AB /* PBXTargetDependency */ = {
			isa = PBXTargetDependency;
			target = 28B4F1972732C878009377AB /* Agora Sample */;
			targetProxy = 28B4F1B32732C87A009377AB /* PBXContainerItemProxy */;
		};
/* End PBXTargetDependency section */

/* Begin XCBuildConfiguration section */
		28B4F1BA2732C87A009377AB /* Debug */ = {
			isa = XCBuildConfiguration;
			buildSettings = {
				ALWAYS_SEARCH_USER_PATHS = NO;
				CLANG_ANALYZER_NONNULL = YES;
				CLANG_ANALYZER_NUMBER_OBJECT_CONVERSION = YES_AGGRESSIVE;
				CLANG_CXX_LANGUAGE_STANDARD = "gnu++17";
				CLANG_CXX_LIBRARY = "libc++";
				CLANG_ENABLE_MODULES = YES;
				CLANG_ENABLE_OBJC_ARC = YES;
				CLANG_ENABLE_OBJC_WEAK = YES;
				CLANG_WARN_BLOCK_CAPTURE_AUTORELEASING = YES;
				CLANG_WARN_BOOL_CONVERSION = YES;
				CLANG_WARN_COMMA = YES;
				CLANG_WARN_CONSTANT_CONVERSION = YES;
				CLANG_WARN_DEPRECATED_OBJC_IMPLEMENTATIONS = YES;
				CLANG_WARN_DIRECT_OBJC_ISA_USAGE = YES_ERROR;
				CLANG_WARN_DOCUMENTATION_COMMENTS = YES;
				CLANG_WARN_EMPTY_BODY = YES;
				CLANG_WARN_ENUM_CONVERSION = YES;
				CLANG_WARN_INFINITE_RECURSION = YES;
				CLANG_WARN_INT_CONVERSION = YES;
				CLANG_WARN_NON_LITERAL_NULL_CONVERSION = YES;
				CLANG_WARN_OBJC_IMPLICIT_RETAIN_SELF = YES;
				CLANG_WARN_OBJC_LITERAL_CONVERSION = YES;
				CLANG_WARN_OBJC_ROOT_CLASS = YES_ERROR;
				CLANG_WARN_QUOTED_INCLUDE_IN_FRAMEWORK_HEADER = YES;
				CLANG_WARN_RANGE_LOOP_ANALYSIS = YES;
				CLANG_WARN_STRICT_PROTOTYPES = YES;
				CLANG_WARN_SUSPICIOUS_MOVE = YES;
				CLANG_WARN_UNGUARDED_AVAILABILITY = YES_AGGRESSIVE;
				CLANG_WARN_UNREACHABLE_CODE = YES;
				CLANG_WARN__DUPLICATE_METHOD_MATCH = YES;
				COPY_PHASE_STRIP = NO;
				DEBUG_INFORMATION_FORMAT = dwarf;
				ENABLE_STRICT_OBJC_MSGSEND = YES;
				ENABLE_TESTABILITY = YES;
				GCC_C_LANGUAGE_STANDARD = gnu11;
				GCC_DYNAMIC_NO_PIC = NO;
				GCC_NO_COMMON_BLOCKS = YES;
				GCC_OPTIMIZATION_LEVEL = 0;
				GCC_PREPROCESSOR_DEFINITIONS = (
					"DEBUG=1",
					"$(inherited)",
				);
				GCC_WARN_64_TO_32_BIT_CONVERSION = YES;
				GCC_WARN_ABOUT_RETURN_TYPE = YES_ERROR;
				GCC_WARN_UNDECLARED_SELECTOR = YES;
				GCC_WARN_UNINITIALIZED_AUTOS = YES_AGGRESSIVE;
				GCC_WARN_UNUSED_FUNCTION = YES;
				GCC_WARN_UNUSED_VARIABLE = YES;
				IPHONEOS_DEPLOYMENT_TARGET = 15.0;
				MTL_ENABLE_DEBUG_INFO = INCLUDE_SOURCE;
				MTL_FAST_MATH = YES;
				ONLY_ACTIVE_ARCH = YES;
				SDKROOT = iphoneos;
				SWIFT_ACTIVE_COMPILATION_CONDITIONS = DEBUG;
				SWIFT_OPTIMIZATION_LEVEL = "-Onone";
			};
			name = Debug;
		};
		28B4F1BB2732C87A009377AB /* Release */ = {
			isa = XCBuildConfiguration;
			buildSettings = {
				ALWAYS_SEARCH_USER_PATHS = NO;
				CLANG_ANALYZER_NONNULL = YES;
				CLANG_ANALYZER_NUMBER_OBJECT_CONVERSION = YES_AGGRESSIVE;
				CLANG_CXX_LANGUAGE_STANDARD = "gnu++17";
				CLANG_CXX_LIBRARY = "libc++";
				CLANG_ENABLE_MODULES = YES;
				CLANG_ENABLE_OBJC_ARC = YES;
				CLANG_ENABLE_OBJC_WEAK = YES;
				CLANG_WARN_BLOCK_CAPTURE_AUTORELEASING = YES;
				CLANG_WARN_BOOL_CONVERSION = YES;
				CLANG_WARN_COMMA = YES;
				CLANG_WARN_CONSTANT_CONVERSION = YES;
				CLANG_WARN_DEPRECATED_OBJC_IMPLEMENTATIONS = YES;
				CLANG_WARN_DIRECT_OBJC_ISA_USAGE = YES_ERROR;
				CLANG_WARN_DOCUMENTATION_COMMENTS = YES;
				CLANG_WARN_EMPTY_BODY = YES;
				CLANG_WARN_ENUM_CONVERSION = YES;
				CLANG_WARN_INFINITE_RECURSION = YES;
				CLANG_WARN_INT_CONVERSION = YES;
				CLANG_WARN_NON_LITERAL_NULL_CONVERSION = YES;
				CLANG_WARN_OBJC_IMPLICIT_RETAIN_SELF = YES;
				CLANG_WARN_OBJC_LITERAL_CONVERSION = YES;
				CLANG_WARN_OBJC_ROOT_CLASS = YES_ERROR;
				CLANG_WARN_QUOTED_INCLUDE_IN_FRAMEWORK_HEADER = YES;
				CLANG_WARN_RANGE_LOOP_ANALYSIS = YES;
				CLANG_WARN_STRICT_PROTOTYPES = YES;
				CLANG_WARN_SUSPICIOUS_MOVE = YES;
				CLANG_WARN_UNGUARDED_AVAILABILITY = YES_AGGRESSIVE;
				CLANG_WARN_UNREACHABLE_CODE = YES;
				CLANG_WARN__DUPLICATE_METHOD_MATCH = YES;
				COPY_PHASE_STRIP = NO;
				DEBUG_INFORMATION_FORMAT = "dwarf-with-dsym";
				ENABLE_NS_ASSERTIONS = NO;
				ENABLE_STRICT_OBJC_MSGSEND = YES;
				GCC_C_LANGUAGE_STANDARD = gnu11;
				GCC_NO_COMMON_BLOCKS = YES;
				GCC_WARN_64_TO_32_BIT_CONVERSION = YES;
				GCC_WARN_ABOUT_RETURN_TYPE = YES_ERROR;
				GCC_WARN_UNDECLARED_SELECTOR = YES;
				GCC_WARN_UNINITIALIZED_AUTOS = YES_AGGRESSIVE;
				GCC_WARN_UNUSED_FUNCTION = YES;
				GCC_WARN_UNUSED_VARIABLE = YES;
				IPHONEOS_DEPLOYMENT_TARGET = 15.0;
				MTL_ENABLE_DEBUG_INFO = NO;
				MTL_FAST_MATH = YES;
				SDKROOT = iphoneos;
				SWIFT_COMPILATION_MODE = wholemodule;
				SWIFT_OPTIMIZATION_LEVEL = "-O";
				VALIDATE_PRODUCT = YES;
			};
			name = Release;
		};
		28B4F1BD2732C87A009377AB /* Debug */ = {
			isa = XCBuildConfiguration;
			buildSettings = {
				ASSETCATALOG_COMPILER_APPICON_NAME = AppIcon;
				ASSETCATALOG_COMPILER_GLOBAL_ACCENT_COLOR_NAME = AccentColor;
				CODE_SIGN_STYLE = Automatic;
				CURRENT_PROJECT_VERSION = 1;
				DEVELOPMENT_ASSET_PATHS = "\"Agora Sample/Preview Content\"";
				DEVELOPMENT_TEAM = AZ59WCD7SF;
				ENABLE_PREVIEWS = YES;
				GENERATE_INFOPLIST_FILE = YES;
				INFOPLIST_KEY_UIApplicationSceneManifest_Generation = YES;
				INFOPLIST_KEY_UIApplicationSupportsIndirectInputEvents = YES;
				INFOPLIST_KEY_UILaunchScreen_Generation = YES;
				INFOPLIST_KEY_UISupportedInterfaceOrientations = UIInterfaceOrientationPortrait;
				INFOPLIST_KEY_UISupportedInterfaceOrientations_iPad = "UIInterfaceOrientationPortrait UIInterfaceOrientationPortraitUpsideDown UIInterfaceOrientationLandscapeLeft UIInterfaceOrientationLandscapeRight";
				INFOPLIST_KEY_UISupportedInterfaceOrientations_iPhone = "UIInterfaceOrientationPortrait UIInterfaceOrientationLandscapeLeft UIInterfaceOrientationLandscapeRight";
				LD_RUNPATH_SEARCH_PATHS = (
					"$(inherited)",
					"@executable_path/Frameworks",
				);
				MARKETING_VERSION = 1.0;
				PRODUCT_BUNDLE_IDENTIFIER = "com.shauncodes.Agora-Sample";
				PRODUCT_NAME = "$(TARGET_NAME)";
				SWIFT_EMIT_LOC_STRINGS = YES;
				SWIFT_VERSION = 5.0;
				TARGETED_DEVICE_FAMILY = 1;
			};
			name = Debug;
		};
		28B4F1BE2732C87A009377AB /* Release */ = {
			isa = XCBuildConfiguration;
			buildSettings = {
				ASSETCATALOG_COMPILER_APPICON_NAME = AppIcon;
				ASSETCATALOG_COMPILER_GLOBAL_ACCENT_COLOR_NAME = AccentColor;
				CODE_SIGN_STYLE = Automatic;
				CURRENT_PROJECT_VERSION = 1;
				DEVELOPMENT_ASSET_PATHS = "\"Agora Sample/Preview Content\"";
				DEVELOPMENT_TEAM = AZ59WCD7SF;
				ENABLE_PREVIEWS = YES;
				GENERATE_INFOPLIST_FILE = YES;
				INFOPLIST_KEY_UIApplicationSceneManifest_Generation = YES;
				INFOPLIST_KEY_UIApplicationSupportsIndirectInputEvents = YES;
				INFOPLIST_KEY_UILaunchScreen_Generation = YES;
				INFOPLIST_KEY_UISupportedInterfaceOrientations = UIInterfaceOrientationPortrait;
				INFOPLIST_KEY_UISupportedInterfaceOrientations_iPad = "UIInterfaceOrientationPortrait UIInterfaceOrientationPortraitUpsideDown UIInterfaceOrientationLandscapeLeft UIInterfaceOrientationLandscapeRight";
				INFOPLIST_KEY_UISupportedInterfaceOrientations_iPhone = "UIInterfaceOrientationPortrait UIInterfaceOrientationLandscapeLeft UIInterfaceOrientationLandscapeRight";
				LD_RUNPATH_SEARCH_PATHS = (
					"$(inherited)",
					"@executable_path/Frameworks",
				);
				MARKETING_VERSION = 1.0;
				PRODUCT_BUNDLE_IDENTIFIER = "com.shauncodes.Agora-Sample";
				PRODUCT_NAME = "$(TARGET_NAME)";
				SWIFT_EMIT_LOC_STRINGS = YES;
				SWIFT_VERSION = 5.0;
				TARGETED_DEVICE_FAMILY = 1;
			};
			name = Release;
		};
		28B4F1C02732C87A009377AB /* Debug */ = {
			isa = XCBuildConfiguration;
			buildSettings = {
				ALWAYS_EMBED_SWIFT_STANDARD_LIBRARIES = YES;
				BUNDLE_LOADER = "$(TEST_HOST)";
				CODE_SIGN_STYLE = Automatic;
				CURRENT_PROJECT_VERSION = 1;
				DEVELOPMENT_TEAM = AZ59WCD7SF;
				GENERATE_INFOPLIST_FILE = YES;
				IPHONEOS_DEPLOYMENT_TARGET = 15.0;
				LD_RUNPATH_SEARCH_PATHS = (
					"$(inherited)",
					"@executable_path/Frameworks",
					"@loader_path/Frameworks",
				);
				MARKETING_VERSION = 1.0;
				PRODUCT_BUNDLE_IDENTIFIER = "com.shauncodes.Agora-SampleTests";
				PRODUCT_NAME = "$(TARGET_NAME)";
				SWIFT_EMIT_LOC_STRINGS = NO;
				SWIFT_VERSION = 5.0;
				TARGETED_DEVICE_FAMILY = "1,2";
				TEST_HOST = "$(BUILT_PRODUCTS_DIR)/Agora Sample.app/Agora Sample";
			};
			name = Debug;
		};
		28B4F1C12732C87A009377AB /* Release */ = {
			isa = XCBuildConfiguration;
			buildSettings = {
				ALWAYS_EMBED_SWIFT_STANDARD_LIBRARIES = YES;
				BUNDLE_LOADER = "$(TEST_HOST)";
				CODE_SIGN_STYLE = Automatic;
				CURRENT_PROJECT_VERSION = 1;
				DEVELOPMENT_TEAM = AZ59WCD7SF;
				GENERATE_INFOPLIST_FILE = YES;
				IPHONEOS_DEPLOYMENT_TARGET = 15.0;
				LD_RUNPATH_SEARCH_PATHS = (
					"$(inherited)",
					"@executable_path/Frameworks",
					"@loader_path/Frameworks",
				);
				MARKETING_VERSION = 1.0;
				PRODUCT_BUNDLE_IDENTIFIER = "com.shauncodes.Agora-SampleTests";
				PRODUCT_NAME = "$(TARGET_NAME)";
				SWIFT_EMIT_LOC_STRINGS = NO;
				SWIFT_VERSION = 5.0;
				TARGETED_DEVICE_FAMILY = "1,2";
				TEST_HOST = "$(BUILT_PRODUCTS_DIR)/Agora Sample.app/Agora Sample";
			};
			name = Release;
		};
		28B4F1C32732C87A009377AB /* Debug */ = {
			isa = XCBuildConfiguration;
			buildSettings = {
				ALWAYS_EMBED_SWIFT_STANDARD_LIBRARIES = YES;
				CODE_SIGN_STYLE = Automatic;
				CURRENT_PROJECT_VERSION = 1;
				DEVELOPMENT_TEAM = AZ59WCD7SF;
				GENERATE_INFOPLIST_FILE = YES;
				LD_RUNPATH_SEARCH_PATHS = (
					"$(inherited)",
					"@executable_path/Frameworks",
					"@loader_path/Frameworks",
				);
				MARKETING_VERSION = 1.0;
				PRODUCT_BUNDLE_IDENTIFIER = "com.shauncodes.Agora-SampleUITests";
				PRODUCT_NAME = "$(TARGET_NAME)";
				SWIFT_EMIT_LOC_STRINGS = NO;
				SWIFT_VERSION = 5.0;
				TARGETED_DEVICE_FAMILY = "1,2";
				TEST_TARGET_NAME = "Agora Sample";
			};
			name = Debug;
		};
		28B4F1C42732C87A009377AB /* Release */ = {
			isa = XCBuildConfiguration;
			buildSettings = {
				ALWAYS_EMBED_SWIFT_STANDARD_LIBRARIES = YES;
				CODE_SIGN_STYLE = Automatic;
				CURRENT_PROJECT_VERSION = 1;
				DEVELOPMENT_TEAM = AZ59WCD7SF;
				GENERATE_INFOPLIST_FILE = YES;
				LD_RUNPATH_SEARCH_PATHS = (
					"$(inherited)",
					"@executable_path/Frameworks",
					"@loader_path/Frameworks",
				);
				MARKETING_VERSION = 1.0;
				PRODUCT_BUNDLE_IDENTIFIER = "com.shauncodes.Agora-SampleUITests";
				PRODUCT_NAME = "$(TARGET_NAME)";
				SWIFT_EMIT_LOC_STRINGS = NO;
				SWIFT_VERSION = 5.0;
				TARGETED_DEVICE_FAMILY = "1,2";
				TEST_TARGET_NAME = "Agora Sample";
			};
			name = Release;
		};
/* End XCBuildConfiguration section */

/* Begin XCConfigurationList section */
		28B4F1932732C877009377AB /* Build configuration list for PBXProject "Agora Sample" */ = {
			isa = XCConfigurationList;
			buildConfigurations = (
				28B4F1BA2732C87A009377AB /* Debug */,
				28B4F1BB2732C87A009377AB /* Release */,
			);
			defaultConfigurationIsVisible = 0;
			defaultConfigurationName = Release;
		};
		28B4F1BC2732C87A009377AB /* Build configuration list for PBXNativeTarget "Agora Sample" */ = {
			isa = XCConfigurationList;
			buildConfigurations = (
				28B4F1BD2732C87A009377AB /* Debug */,
				28B4F1BE2732C87A009377AB /* Release */,
			);
			defaultConfigurationIsVisible = 0;
			defaultConfigurationName = Release;
		};
		28B4F1BF2732C87A009377AB /* Build configuration list for PBXNativeTarget "Agora SampleTests" */ = {
			isa = XCConfigurationList;
			buildConfigurations = (
				28B4F1C02732C87A009377AB /* Debug */,
				28B4F1C12732C87A009377AB /* Release */,
			);
			defaultConfigurationIsVisible = 0;
			defaultConfigurationName = Release;
		};
		28B4F1C22732C87A009377AB /* Build configuration list for PBXNativeTarget "Agora SampleUITests" */ = {
			isa = XCConfigurationList;
			buildConfigurations = (
				28B4F1C32732C87A009377AB /* Debug */,
				28B4F1C42732C87A009377AB /* Release */,
			);
			defaultConfigurationIsVisible = 0;
			defaultConfigurationName = Release;
		};
/* End XCConfigurationList section */

/* Begin XCRemoteSwiftPackageReference section */
		28B4F1C52732C976009377AB /* XCRemoteSwiftPackageReference "AgoraRtcEngine_iOS" */ = {
			isa = XCRemoteSwiftPackageReference;
			repositoryURL = "https://github.com/AgoraIO/AgoraRtcEngine_iOS";
			requirement = {
				kind = upToNextMajorVersion;
				minimumVersion = 3.0.0;
			};
		};
/* End XCRemoteSwiftPackageReference section */

/* Begin XCSwiftPackageProductDependency section */
		28B4F1C62732C976009377AB /* AgoraRtcKit */ = {
			isa = XCSwiftPackageProductDependency;
			package = 28B4F1C52732C976009377AB /* XCRemoteSwiftPackageReference "AgoraRtcEngine_iOS" */;
			productName = AgoraRtcKit;
		};
/* End XCSwiftPackageProductDependency section */
	};
	rootObject = 28B4F1902732C877009377AB /* Project object */;
}
